
Microsoft Visual Studio Solution File, Format Version 12.00
# Visual Studio Version 17
VisualStudioVersion = 17.0.31903.59
MinimumVisualStudioVersion = 10.0.40219.1
Project("{FAE04EC0-301F-11D3-BF4B-00C04F79EFBC}") = "consoleapplication", "consoleApplication\consoleapplication.csproj", "{E4F77A00-529E-4428-B328-F108FD5F8921}"
EndProject
Project("{FAE04EC0-301F-11D3-BF4B-00C04F79EFBC}") = "consoleapplication", "Taskoopdz\consoleapplication.csproj", "{02B5E021-B2EF-4F1E-974E-43C83EA5D856}"
EndProject
Project("{FAE04EC0-301F-11D3-BF4B-00C04F79EFBC}") = "consoleapplication", "TASKOOP2\consoleapplication.csproj", "{60D8698C-F38A-4576-A6BD-306AE5B052AA}"
EndProject
Project("{FAE04EC0-301F-11D3-BF4B-00C04F79EFBC}") = "consoleapplication", "TASKHARD\consoleapplication.csproj", "{3577BCA1-F929-40C8-91F7-1F84A29B25FC}"
EndProject
Project("{FAE04EC0-301F-11D3-BF4B-00C04F79EFBC}") = "consoleapplication", "ApplicationTransaction\consoleapplication.csproj", "{B321250E-2052-4322-AD0A-291B7BFCCC79}"
EndProject
Project("{FAE04EC0-301F-11D3-BF4B-00C04F79EFBC}") = "consoleapplication", "TaskOOP26.12\consoleapplication.csproj", "{30A198F0-EB00-4B5F-8FF6-21BD483FF9D5}"
EndProject
Project("{FAE04EC0-301F-11D3-BF4B-00C04F79EFBC}") = "ConsoleApplication", "TaskOOP05.01\ConsoleApplication.csproj", "{F037763C-7EDE-4CB0-A0CA-4C029348FDDC}"
EndProject
Project("{FAE04EC0-301F-11D3-BF4B-00C04F79EFBC}") = "ConsoleApplication", "OOP10.01\ConsoleApplication.csproj", "{2B08DD08-AD68-49F3-8F4D-DA9387571489}"
EndProject
Project("{FAE04EC0-301F-11D3-BF4B-00C04F79EFBC}") = "ConsoleApplication", "OOP14.01\ConsoleApplication.csproj", "{FBFC25BF-7533-4461-AE93-9B24297E2486}"
EndProject
Project("{FAE04EC0-301F-11D3-BF4B-00C04F79EFBC}") = "ConsoleApplication", "OOP17.01\ConsoleApplication.csproj", "{429E8C60-3052-4328-A5CE-6B0C1612B4C1}"
EndProject
Project("{FAE04EC0-301F-11D3-BF4B-00C04F79EFBC}") = "ConsoleApplication", "OOP20.01\ConsoleApplication.csproj", "{7CCC86AD-9C04-421A-B1D4-39FCB7AB2FAA}"
EndProject
Project("{FAE04EC0-301F-11D3-BF4B-00C04F79EFBC}") = "ConsoleApplication", "OOP26.01\ConsoleApplication.csproj", "{8F434B7B-6752-48A0-91F8-2D2ECF4EDE42}"
EndProject
Project("{FAE04EC0-301F-11D3-BF4B-00C04F79EFBC}") = "ConsoleApplication", "OOP30.01\ConsoleApplication.csproj", "{9A145372-75A7-4258-AADC-03B8E7D027F7}"
EndProject
Project("{FAE04EC0-301F-11D3-BF4B-00C04F79EFBC}") = "TaskExtencions", "OOP3101\TaskExtencions.csproj", "{7EFA3AF0-6529-4BBB-8E4F-237B01FA5B45}"
EndProject
Project("{FAE04EC0-301F-11D3-BF4B-00C04F79EFBC}") = "ConsoleApp1", "OOP01.02\ConsoleApp1.csproj", "{80D2E777-1140-4921-9FAE-45FEAE882AAC}"
EndProject
Project("{FAE04EC0-301F-11D3-BF4B-00C04F79EFBC}") = "ConsoleApp1", "OOP02.02\ConsoleApp1.csproj", "{C738C42D-1501-4582-9F4B-5BF328F1BEE1}"
EndProject
Project("{FAE04EC0-301F-11D3-BF4B-00C04F79EFBC}") = "ConsoleApp1", "OOP03.02\ConsoleApp1.csproj", "{8D421753-8C4A-4E87-98B5-7EF520864DE7}"
EndProject
Project("{2150E333-8FDC-42A3-9474-1A3956D46DE8}") = "OOP04.02", "OOP04.02", "{4891B24F-7779-4AF0-9D6C-2482B892377B}"
EndProject
Project("{FAE04EC0-301F-11D3-BF4B-00C04F79EFBC}") = "FileSystem", "OOP04.02\FileSystem\FileSystem.csproj", "{01FE569A-B4B0-4CFF-A7AA-74B25BBDBA0C}"
EndProject
Project("{FAE04EC0-301F-11D3-BF4B-00C04F79EFBC}") = "TestLibrary", "OOP04.02\TestLibrary\TestLibrary.csproj", "{DB10863A-7E10-4498-BA26-AD5C5A05FA3F}"
EndProject
Project("{FAE04EC0-301F-11D3-BF4B-00C04F79EFBC}") = "ConsoleApp1", "OOP12.02JSON\ConsoleApp1.csproj", "{4351CAE3-E75E-49CC-ABAD-F3734D3594D4}"
EndProject
Project("{FAE04EC0-301F-11D3-BF4B-00C04F79EFBC}") = "ConsoleApp1", "OOP13.02Del\ConsoleApp1.csproj", "{A105455A-6690-4A1C-8436-2060E453BD20}"
EndProject
Project("{FAE04EC0-301F-11D3-BF4B-00C04F79EFBC}") = "ConsoleApp1", "OOP14.02Delegatdm\ConsoleApp1.csproj", "{BF8FFF5F-4B90-489E-B1A8-47DCE0A40649}"
EndProject
Project("{FAE04EC0-301F-11D3-BF4B-00C04F79EFBC}") = "ConsoleApp1", "OOP16.02\ConsoleApp1.csproj", "{968F8EBF-9B8D-424F-88B0-878625203492}"
EndProject
Project("{FAE04EC0-301F-11D3-BF4B-00C04F79EFBC}") = "ConsoleApp1", "OOP18.02\ConsoleApp1.csproj", "{A387F96E-FF75-4C03-9FFA-323776F306B5}"
EndProject
Project("{FAE04EC0-301F-11D3-BF4B-00C04F79EFBC}") = "ConsoleApp1", "OOP21.02\ConsoleApp1.csproj", "{4BBA63F0-B5F9-4312-B038-32D13F946D0D}"
EndProject
Global
	GlobalSection(SolutionConfigurationPlatforms) = preSolution
		Debug|Any CPU = Debug|Any CPU
		Release|Any CPU = Release|Any CPU
	EndGlobalSection
	GlobalSection(SolutionProperties) = preSolution
		HideSolutionNode = FALSE
	EndGlobalSection
	GlobalSection(ProjectConfigurationPlatforms) = postSolution
		{E4F77A00-529E-4428-B328-F108FD5F8921}.Debug|Any CPU.ActiveCfg = Debug|Any CPU
		{E4F77A00-529E-4428-B328-F108FD5F8921}.Debug|Any CPU.Build.0 = Debug|Any CPU
		{E4F77A00-529E-4428-B328-F108FD5F8921}.Release|Any CPU.ActiveCfg = Release|Any CPU
		{E4F77A00-529E-4428-B328-F108FD5F8921}.Release|Any CPU.Build.0 = Release|Any CPU
		{02B5E021-B2EF-4F1E-974E-43C83EA5D856}.Debug|Any CPU.ActiveCfg = Debug|Any CPU
		{02B5E021-B2EF-4F1E-974E-43C83EA5D856}.Debug|Any CPU.Build.0 = Debug|Any CPU
		{02B5E021-B2EF-4F1E-974E-43C83EA5D856}.Release|Any CPU.ActiveCfg = Release|Any CPU
		{02B5E021-B2EF-4F1E-974E-43C83EA5D856}.Release|Any CPU.Build.0 = Release|Any CPU
		{60D8698C-F38A-4576-A6BD-306AE5B052AA}.Debug|Any CPU.ActiveCfg = Debug|Any CPU
		{60D8698C-F38A-4576-A6BD-306AE5B052AA}.Debug|Any CPU.Build.0 = Debug|Any CPU
		{60D8698C-F38A-4576-A6BD-306AE5B052AA}.Release|Any CPU.ActiveCfg = Release|Any CPU
		{60D8698C-F38A-4576-A6BD-306AE5B052AA}.Release|Any CPU.Build.0 = Release|Any CPU
		{3577BCA1-F929-40C8-91F7-1F84A29B25FC}.Debug|Any CPU.ActiveCfg = Debug|Any CPU
		{3577BCA1-F929-40C8-91F7-1F84A29B25FC}.Debug|Any CPU.Build.0 = Debug|Any CPU
		{3577BCA1-F929-40C8-91F7-1F84A29B25FC}.Release|Any CPU.ActiveCfg = Release|Any CPU
		{3577BCA1-F929-40C8-91F7-1F84A29B25FC}.Release|Any CPU.Build.0 = Release|Any CPU
		{B321250E-2052-4322-AD0A-291B7BFCCC79}.Debug|Any CPU.ActiveCfg = Debug|Any CPU
		{B321250E-2052-4322-AD0A-291B7BFCCC79}.Debug|Any CPU.Build.0 = Debug|Any CPU
		{B321250E-2052-4322-AD0A-291B7BFCCC79}.Release|Any CPU.ActiveCfg = Release|Any CPU
		{B321250E-2052-4322-AD0A-291B7BFCCC79}.Release|Any CPU.Build.0 = Release|Any CPU
		{30A198F0-EB00-4B5F-8FF6-21BD483FF9D5}.Debug|Any CPU.ActiveCfg = Debug|Any CPU
		{30A198F0-EB00-4B5F-8FF6-21BD483FF9D5}.Debug|Any CPU.Build.0 = Debug|Any CPU
		{30A198F0-EB00-4B5F-8FF6-21BD483FF9D5}.Release|Any CPU.ActiveCfg = Release|Any CPU
		{30A198F0-EB00-4B5F-8FF6-21BD483FF9D5}.Release|Any CPU.Build.0 = Release|Any CPU
		{F037763C-7EDE-4CB0-A0CA-4C029348FDDC}.Debug|Any CPU.ActiveCfg = Debug|Any CPU
		{F037763C-7EDE-4CB0-A0CA-4C029348FDDC}.Debug|Any CPU.Build.0 = Debug|Any CPU
		{F037763C-7EDE-4CB0-A0CA-4C029348FDDC}.Release|Any CPU.ActiveCfg = Release|Any CPU
		{F037763C-7EDE-4CB0-A0CA-4C029348FDDC}.Release|Any CPU.Build.0 = Release|Any CPU
		{2B08DD08-AD68-49F3-8F4D-DA9387571489}.Debug|Any CPU.ActiveCfg = Debug|Any CPU
		{2B08DD08-AD68-49F3-8F4D-DA9387571489}.Debug|Any CPU.Build.0 = Debug|Any CPU
		{2B08DD08-AD68-49F3-8F4D-DA9387571489}.Release|Any CPU.ActiveCfg = Release|Any CPU
		{2B08DD08-AD68-49F3-8F4D-DA9387571489}.Release|Any CPU.Build.0 = Release|Any CPU
		{FBFC25BF-7533-4461-AE93-9B24297E2486}.Debug|Any CPU.ActiveCfg = Debug|Any CPU
		{FBFC25BF-7533-4461-AE93-9B24297E2486}.Debug|Any CPU.Build.0 = Debug|Any CPU
		{FBFC25BF-7533-4461-AE93-9B24297E2486}.Release|Any CPU.ActiveCfg = Release|Any CPU
		{FBFC25BF-7533-4461-AE93-9B24297E2486}.Release|Any CPU.Build.0 = Release|Any CPU
		{429E8C60-3052-4328-A5CE-6B0C1612B4C1}.Debug|Any CPU.ActiveCfg = Debug|Any CPU
		{429E8C60-3052-4328-A5CE-6B0C1612B4C1}.Debug|Any CPU.Build.0 = Debug|Any CPU
		{429E8C60-3052-4328-A5CE-6B0C1612B4C1}.Release|Any CPU.ActiveCfg = Release|Any CPU
		{429E8C60-3052-4328-A5CE-6B0C1612B4C1}.Release|Any CPU.Build.0 = Release|Any CPU
		{7CCC86AD-9C04-421A-B1D4-39FCB7AB2FAA}.Debug|Any CPU.ActiveCfg = Debug|Any CPU
		{7CCC86AD-9C04-421A-B1D4-39FCB7AB2FAA}.Debug|Any CPU.Build.0 = Debug|Any CPU
		{7CCC86AD-9C04-421A-B1D4-39FCB7AB2FAA}.Release|Any CPU.ActiveCfg = Release|Any CPU
		{7CCC86AD-9C04-421A-B1D4-39FCB7AB2FAA}.Release|Any CPU.Build.0 = Release|Any CPU
		{8F434B7B-6752-48A0-91F8-2D2ECF4EDE42}.Debug|Any CPU.ActiveCfg = Debug|Any CPU
		{8F434B7B-6752-48A0-91F8-2D2ECF4EDE42}.Debug|Any CPU.Build.0 = Debug|Any CPU
		{8F434B7B-6752-48A0-91F8-2D2ECF4EDE42}.Release|Any CPU.ActiveCfg = Release|Any CPU
		{8F434B7B-6752-48A0-91F8-2D2ECF4EDE42}.Release|Any CPU.Build.0 = Release|Any CPU
		{9A145372-75A7-4258-AADC-03B8E7D027F7}.Debug|Any CPU.ActiveCfg = Debug|Any CPU
		{9A145372-75A7-4258-AADC-03B8E7D027F7}.Debug|Any CPU.Build.0 = Debug|Any CPU
		{9A145372-75A7-4258-AADC-03B8E7D027F7}.Release|Any CPU.ActiveCfg = Release|Any CPU
		{9A145372-75A7-4258-AADC-03B8E7D027F7}.Release|Any CPU.Build.0 = Release|Any CPU
		{7EFA3AF0-6529-4BBB-8E4F-237B01FA5B45}.Debug|Any CPU.ActiveCfg = Debug|Any CPU
		{7EFA3AF0-6529-4BBB-8E4F-237B01FA5B45}.Debug|Any CPU.Build.0 = Debug|Any CPU
		{7EFA3AF0-6529-4BBB-8E4F-237B01FA5B45}.Release|Any CPU.ActiveCfg = Release|Any CPU
		{7EFA3AF0-6529-4BBB-8E4F-237B01FA5B45}.Release|Any CPU.Build.0 = Release|Any CPU
		{80D2E777-1140-4921-9FAE-45FEAE882AAC}.Debug|Any CPU.ActiveCfg = Debug|Any CPU
		{80D2E777-1140-4921-9FAE-45FEAE882AAC}.Debug|Any CPU.Build.0 = Debug|Any CPU
		{80D2E777-1140-4921-9FAE-45FEAE882AAC}.Release|Any CPU.ActiveCfg = Release|Any CPU
		{80D2E777-1140-4921-9FAE-45FEAE882AAC}.Release|Any CPU.Build.0 = Release|Any CPU
		{C738C42D-1501-4582-9F4B-5BF328F1BEE1}.Debug|Any CPU.ActiveCfg = Debug|Any CPU
		{C738C42D-1501-4582-9F4B-5BF328F1BEE1}.Debug|Any CPU.Build.0 = Debug|Any CPU
		{C738C42D-1501-4582-9F4B-5BF328F1BEE1}.Release|Any CPU.ActiveCfg = Release|Any CPU
		{C738C42D-1501-4582-9F4B-5BF328F1BEE1}.Release|Any CPU.Build.0 = Release|Any CPU
		{8D421753-8C4A-4E87-98B5-7EF520864DE7}.Debug|Any CPU.ActiveCfg = Debug|Any CPU
		{8D421753-8C4A-4E87-98B5-7EF520864DE7}.Debug|Any CPU.Build.0 = Debug|Any CPU
		{8D421753-8C4A-4E87-98B5-7EF520864DE7}.Release|Any CPU.ActiveCfg = Release|Any CPU
		{8D421753-8C4A-4E87-98B5-7EF520864DE7}.Release|Any CPU.Build.0 = Release|Any CPU
		{01FE569A-B4B0-4CFF-A7AA-74B25BBDBA0C}.Debug|Any CPU.ActiveCfg = Debug|Any CPU
		{01FE569A-B4B0-4CFF-A7AA-74B25BBDBA0C}.Debug|Any CPU.Build.0 = Debug|Any CPU
		{01FE569A-B4B0-4CFF-A7AA-74B25BBDBA0C}.Release|Any CPU.ActiveCfg = Release|Any CPU
		{01FE569A-B4B0-4CFF-A7AA-74B25BBDBA0C}.Release|Any CPU.Build.0 = Release|Any CPU
		{DB10863A-7E10-4498-BA26-AD5C5A05FA3F}.Debug|Any CPU.ActiveCfg = Debug|Any CPU
		{DB10863A-7E10-4498-BA26-AD5C5A05FA3F}.Debug|Any CPU.Build.0 = Debug|Any CPU
		{DB10863A-7E10-4498-BA26-AD5C5A05FA3F}.Release|Any CPU.ActiveCfg = Release|Any CPU
		{DB10863A-7E10-4498-BA26-AD5C5A05FA3F}.Release|Any CPU.Build.0 = Release|Any CPU
		{4351CAE3-E75E-49CC-ABAD-F3734D3594D4}.Debug|Any CPU.ActiveCfg = Debug|Any CPU
		{4351CAE3-E75E-49CC-ABAD-F3734D3594D4}.Debug|Any CPU.Build.0 = Debug|Any CPU
		{4351CAE3-E75E-49CC-ABAD-F3734D3594D4}.Release|Any CPU.ActiveCfg = Release|Any CPU
		{4351CAE3-E75E-49CC-ABAD-F3734D3594D4}.Release|Any CPU.Build.0 = Release|Any CPU
		{A105455A-6690-4A1C-8436-2060E453BD20}.Debug|Any CPU.ActiveCfg = Debug|Any CPU
		{A105455A-6690-4A1C-8436-2060E453BD20}.Debug|Any CPU.Build.0 = Debug|Any CPU
		{A105455A-6690-4A1C-8436-2060E453BD20}.Release|Any CPU.ActiveCfg = Release|Any CPU
		{A105455A-6690-4A1C-8436-2060E453BD20}.Release|Any CPU.Build.0 = Release|Any CPU
		{BF8FFF5F-4B90-489E-B1A8-47DCE0A40649}.Debug|Any CPU.ActiveCfg = Debug|Any CPU
		{BF8FFF5F-4B90-489E-B1A8-47DCE0A40649}.Debug|Any CPU.Build.0 = Debug|Any CPU
		{BF8FFF5F-4B90-489E-B1A8-47DCE0A40649}.Release|Any CPU.ActiveCfg = Release|Any CPU
		{BF8FFF5F-4B90-489E-B1A8-47DCE0A40649}.Release|Any CPU.Build.0 = Release|Any CPU
		{968F8EBF-9B8D-424F-88B0-878625203492}.Debug|Any CPU.ActiveCfg = Debug|Any CPU
		{968F8EBF-9B8D-424F-88B0-878625203492}.Debug|Any CPU.Build.0 = Debug|Any CPU
		{968F8EBF-9B8D-424F-88B0-878625203492}.Release|Any CPU.ActiveCfg = Release|Any CPU
		{968F8EBF-9B8D-424F-88B0-878625203492}.Release|Any CPU.Build.0 = Release|Any CPU
		{A387F96E-FF75-4C03-9FFA-323776F306B5}.Debug|Any CPU.ActiveCfg = Debug|Any CPU
		{A387F96E-FF75-4C03-9FFA-323776F306B5}.Debug|Any CPU.Build.0 = Debug|Any CPU
		{A387F96E-FF75-4C03-9FFA-323776F306B5}.Release|Any CPU.ActiveCfg = Release|Any CPU
		{A387F96E-FF75-4C03-9FFA-323776F306B5}.Release|Any CPU.Build.0 = Release|Any CPU
		{4BBA63F0-B5F9-4312-B038-32D13F946D0D}.Debug|Any CPU.ActiveCfg = Debug|Any CPU
		{4BBA63F0-B5F9-4312-B038-32D13F946D0D}.Debug|Any CPU.Build.0 = Debug|Any CPU
		{4BBA63F0-B5F9-4312-B038-32D13F946D0D}.Release|Any CPU.ActiveCfg = Release|Any CPU
		{4BBA63F0-B5F9-4312-B038-32D13F946D0D}.Release|Any CPU.Build.0 = Release|Any CPU
	EndGlobalSection
	GlobalSection(NestedProjects) = preSolution
		{01FE569A-B4B0-4CFF-A7AA-74B25BBDBA0C} = {4891B24F-7779-4AF0-9D6C-2482B892377B}
		{DB10863A-7E10-4498-BA26-AD5C5A05FA3F} = {4891B24F-7779-4AF0-9D6C-2482B892377B}
	EndGlobalSection
EndGlobal
